
Microsoft Visual Studio Solution File, Format Version 12.00
# Visual Studio Version 17
VisualStudioVersion = 17.7.34024.191
MinimumVisualStudioVersion = 10.0.40219.1
Project("{9A19103F-16F7-4668-BE54-9A1E7A4F7556}") = "GatoApp", "GatoApp\GatoApp.csproj", "{90C4F562-DD34-43E9-9B38-FF9CE0788465}"
EndProject
Global
	GlobalSection(SolutionConfigurationPlatforms) = preSolution
		Debug|Any CPU = Debug|Any CPU
		Debug|x64 = Debug|x64
		Release|Any CPU = Release|Any CPU
		Release|x64 = Release|x64
		Team-Viewer|Any CPU = Team-Viewer|Any CPU
		Team-Viewer|x64 = Team-Viewer|x64
	EndGlobalSection
	GlobalSection(ProjectConfigurationPlatforms) = postSolution
		{90C4F562-DD34-43E9-9B38-FF9CE0788465}.Debug|Any CPU.ActiveCfg = Debug|Any CPU
		{90C4F562-DD34-43E9-9B38-FF9CE0788465}.Debug|Any CPU.Build.0 = Debug|Any CPU
		{90C4F562-DD34-43E9-9B38-FF9CE0788465}.Debug|x64.ActiveCfg = Debug|x64
		{90C4F562-DD34-43E9-9B38-FF9CE0788465}.Debug|x64.Build.0 = Debug|x64
		{90C4F562-DD34-43E9-9B38-FF9CE0788465}.Release|Any CPU.ActiveCfg = Release|Any CPU
		{90C4F562-DD34-43E9-9B38-FF9CE0788465}.Release|Any CPU.Build.0 = Release|Any CPU
		{90C4F562-DD34-43E9-9B38-FF9CE0788465}.Release|x64.ActiveCfg = Release|x64
		{90C4F562-DD34-43E9-9B38-FF9CE0788465}.Release|x64.Build.0 = Release|x64
		{90C4F562-DD34-43E9-9B38-FF9CE0788465}.Team-Viewer|Any CPU.ActiveCfg = Team-Viewer|Any CPU
		{90C4F562-DD34-43E9-9B38-FF9CE0788465}.Team-Viewer|Any CPU.Build.0 = Team-Viewer|Any CPU
		{90C4F562-DD34-43E9-9B38-FF9CE0788465}.Team-Viewer|x64.ActiveCfg = Team-Viewer|x64
		{90C4F562-DD34-43E9-9B38-FF9CE0788465}.Team-Viewer|x64.Build.0 = Team-Viewer|x64
	EndGlobalSection
	GlobalSection(SolutionProperties) = preSolution
		HideSolutionNode = FALSE
	EndGlobalSection
	GlobalSection(ExtensibilityGlobals) = postSolution
		SolutionGuid = {A382DC3A-E9E2-4230-BB1D-63580CBF0819}
	EndGlobalSection
EndGlobal
